
Microsoft Visual Studio Solution File, Format Version 12.00
# Visual Studio Version 17
VisualStudioVersion = 17.4.33110.190
MinimumVisualStudioVersion = 10.0.40219.1
Project("{FAE04EC0-301F-11D3-BF4B-00C04F79EFBC}") = "Trim a Binary Search Tree", "Trim a Binary Search Tree\Trim a Binary Search Tree.csproj", "{B3473755-891D-41CD-8710-A8FEC0E63075}"
EndProject
Global
	GlobalSection(SolutionConfigurationPlatforms) = preSolution
		Debug|Any CPU = Debug|Any CPU
		Release|Any CPU = Release|Any CPU
	EndGlobalSection
	GlobalSection(ProjectConfigurationPlatforms) = postSolution
		{B3473755-891D-41CD-8710-A8FEC0E63075}.Debug|Any CPU.ActiveCfg = Debug|Any CPU
		{B3473755-891D-41CD-8710-A8FEC0E63075}.Debug|Any CPU.Build.0 = Debug|Any CPU
		{B3473755-891D-41CD-8710-A8FEC0E63075}.Release|Any CPU.ActiveCfg = Release|Any CPU
		{B3473755-891D-41CD-8710-A8FEC0E63075}.Release|Any CPU.Build.0 = Release|Any CPU
	EndGlobalSection
	GlobalSection(SolutionProperties) = preSolution
		HideSolutionNode = FALSE
	EndGlobalSection
	GlobalSection(ExtensibilityGlobals) = postSolution
		SolutionGuid = {8E94BF70-F311-4748-8206-DF2B912CF967}
	EndGlobalSection
EndGlobal
